
Microsoft Visual Studio Solution File, Format Version 12.00
# Visual Studio Version 16
VisualStudioVersion = 16.0.29905.134
MinimumVisualStudioVersion = 10.0.40219.1
Project("{FAE04EC0-301F-11D3-BF4B-00C04F79EFBC}") = "RevitProject", "RevitProject\RevitProject.csproj", "{6F3E73CD-B73C-47B4-AB2C-B2C891F0477B}"
EndProject
Project("{FAE04EC0-301F-11D3-BF4B-00C04F79EFBC}") = "RevitApp", "RevitApp\RevitApp.csproj", "{552333E0-A0A8-4A97-9C31-962DC32557DB}"
EndProject
Global
	GlobalSection(SolutionConfigurationPlatforms) = preSolution
		Debug|Any CPU = Debug|Any CPU
		Release|Any CPU = Release|Any CPU
	EndGlobalSection
	GlobalSection(ProjectConfigurationPlatforms) = postSolution
		{6F3E73CD-B73C-47B4-AB2C-B2C891F0477B}.Debug|Any CPU.ActiveCfg = Debug|Any CPU
		{6F3E73CD-B73C-47B4-AB2C-B2C891F0477B}.Debug|Any CPU.Build.0 = Debug|Any CPU
		{6F3E73CD-B73C-47B4-AB2C-B2C891F0477B}.Release|Any CPU.ActiveCfg = Release|Any CPU
		{6F3E73CD-B73C-47B4-AB2C-B2C891F0477B}.Release|Any CPU.Build.0 = Release|Any CPU
		{552333E0-A0A8-4A97-9C31-962DC32557DB}.Debug|Any CPU.ActiveCfg = Debug|Any CPU
		{552333E0-A0A8-4A97-9C31-962DC32557DB}.Debug|Any CPU.Build.0 = Debug|Any CPU
		{552333E0-A0A8-4A97-9C31-962DC32557DB}.Release|Any CPU.ActiveCfg = Release|Any CPU
		{552333E0-A0A8-4A97-9C31-962DC32557DB}.Release|Any CPU.Build.0 = Release|Any CPU
	EndGlobalSection
	GlobalSection(SolutionProperties) = preSolution
		HideSolutionNode = FALSE
	EndGlobalSection
	GlobalSection(ExtensibilityGlobals) = postSolution
		SolutionGuid = {905778E8-BCFC-444A-AB24-19CFC29C4048}
	EndGlobalSection
EndGlobal
